
Microsoft Visual Studio Solution File, Format Version 12.00
# Visual Studio 14
VisualStudioVersion = 14.0.23107.0
MinimumVisualStudioVersion = 10.0.40219.1
Project("{FAE04EC0-301F-11D3-BF4B-00C04F79EFBC}") = "WebApplication1", "WebApplication1\WebApplication1.csproj", "{6FEEF40C-7C28-426B-BACD-65C62FEF0694}"
EndProject
Project("{8BB2217D-0F2D-49D1-97BC-3654ED321F3B}") = "ClassLibrary1", "ClassLibrary1\ClassLibrary1.xproj", "{84B61988-9DD1-489F-86EF-3F8282944383}"
EndProject
Project("{FAE04EC0-301F-11D3-BF4B-00C04F79EFBC}") = "WebApplication2", "WebApplication2\WebApplication2.csproj", "{E0C960A8-8451-4783-9677-154FF3A9F671}"
EndProject
Global
	GlobalSection(SolutionConfigurationPlatforms) = preSolution
		Debug|Any CPU = Debug|Any CPU
		Release|Any CPU = Release|Any CPU
	EndGlobalSection
	GlobalSection(ProjectConfigurationPlatforms) = postSolution
		{6FEEF40C-7C28-426B-BACD-65C62FEF0694}.Debug|Any CPU.ActiveCfg = Debug|Any CPU
		{6FEEF40C-7C28-426B-BACD-65C62FEF0694}.Debug|Any CPU.Build.0 = Debug|Any CPU
		{6FEEF40C-7C28-426B-BACD-65C62FEF0694}.Release|Any CPU.ActiveCfg = Release|Any CPU
		{6FEEF40C-7C28-426B-BACD-65C62FEF0694}.Release|Any CPU.Build.0 = Release|Any CPU
		{84B61988-9DD1-489F-86EF-3F8282944383}.Debug|Any CPU.ActiveCfg = Debug|Any CPU
		{84B61988-9DD1-489F-86EF-3F8282944383}.Debug|Any CPU.Build.0 = Debug|Any CPU
		{84B61988-9DD1-489F-86EF-3F8282944383}.Release|Any CPU.ActiveCfg = Release|Any CPU
		{84B61988-9DD1-489F-86EF-3F8282944383}.Release|Any CPU.Build.0 = Release|Any CPU
		{E0C960A8-8451-4783-9677-154FF3A9F671}.Debug|Any CPU.ActiveCfg = Debug|Any CPU
		{E0C960A8-8451-4783-9677-154FF3A9F671}.Debug|Any CPU.Build.0 = Debug|Any CPU
		{E0C960A8-8451-4783-9677-154FF3A9F671}.Release|Any CPU.ActiveCfg = Release|Any CPU
		{E0C960A8-8451-4783-9677-154FF3A9F671}.Release|Any CPU.Build.0 = Release|Any CPU
	EndGlobalSection
	GlobalSection(SolutionProperties) = preSolution
		HideSolutionNode = FALSE
	EndGlobalSection
EndGlobal
